
Microsoft Visual Studio Solution File, Format Version 12.00
# Visual Studio 15
Project("{FAE04EC0-301F-11D3-BF4B-00C04F79EFBC}") = "Assembly-CSharp", "Assembly-CSharp.csproj", "{143EA042-155C-760C-E736-FE3BEE8FAD8E}"
EndProject
Project("{FAE04EC0-301F-11D3-BF4B-00C04F79EFBC}") = "Assembly-CSharp-Editor", "Assembly-CSharp-Editor.csproj", "{F36DBF1E-F4ED-CC0C-6EE8-CDCCE6AEA56E}"
EndProject
Global
	GlobalSection(SolutionConfigurationPlatforms) = preSolution
		Debug|Any CPU = Debug|Any CPU
		Release|Any CPU = Release|Any CPU
	EndGlobalSection
	GlobalSection(ProjectConfigurationPlatforms) = postSolution
		{143EA042-155C-760C-E736-FE3BEE8FAD8E}.Debug|Any CPU.ActiveCfg = Debug|Any CPU
		{143EA042-155C-760C-E736-FE3BEE8FAD8E}.Debug|Any CPU.Build.0 = Debug|Any CPU
		{143EA042-155C-760C-E736-FE3BEE8FAD8E}.Release|Any CPU.ActiveCfg = Release|Any CPU
		{143EA042-155C-760C-E736-FE3BEE8FAD8E}.Release|Any CPU.Build.0 = Release|Any CPU
		{F36DBF1E-F4ED-CC0C-6EE8-CDCCE6AEA56E}.Debug|Any CPU.ActiveCfg = Debug|Any CPU
		{F36DBF1E-F4ED-CC0C-6EE8-CDCCE6AEA56E}.Debug|Any CPU.Build.0 = Debug|Any CPU
		{F36DBF1E-F4ED-CC0C-6EE8-CDCCE6AEA56E}.Release|Any CPU.ActiveCfg = Release|Any CPU
		{F36DBF1E-F4ED-CC0C-6EE8-CDCCE6AEA56E}.Release|Any CPU.Build.0 = Release|Any CPU
	EndGlobalSection
	GlobalSection(SolutionProperties) = preSolution
		HideSolutionNode = FALSE
	EndGlobalSection
EndGlobal
